
Microsoft Visual Studio Solution File, Format Version 12.00
# Visual Studio 14
VisualStudioVersion = 14.0.25420.1
MinimumVisualStudioVersion = 10.0.40219.1
Project("{FAE04EC0-301F-11D3-BF4B-00C04F79EFBC}") = "GUI", "QLHS\GUI.csproj", "{0A17220E-3DDA-4455-915E-680E48402D12}"
EndProject
Project("{FAE04EC0-301F-11D3-BF4B-00C04F79EFBC}") = "BUS", "BUS\BUS.csproj", "{A7B06F08-8629-4876-AEC8-039444BFB418}"
EndProject
Project("{FAE04EC0-301F-11D3-BF4B-00C04F79EFBC}") = "DAL", "DAL\DAL.csproj", "{00E42DA9-C402-4EFC-B3E5-D8EF26A143FD}"
EndProject
Project("{FAE04EC0-301F-11D3-BF4B-00C04F79EFBC}") = "DTO", "DTO\DTO.csproj", "{DADE5CF4-7394-48FF-AF76-55AA72F9505C}"
EndProject
Global
	GlobalSection(SolutionConfigurationPlatforms) = preSolution
		Debug|Any CPU = Debug|Any CPU
		Release|Any CPU = Release|Any CPU
	EndGlobalSection
	GlobalSection(ProjectConfigurationPlatforms) = postSolution
		{0A17220E-3DDA-4455-915E-680E48402D12}.Debug|Any CPU.ActiveCfg = Debug|Any CPU
		{0A17220E-3DDA-4455-915E-680E48402D12}.Debug|Any CPU.Build.0 = Debug|Any CPU
		{0A17220E-3DDA-4455-915E-680E48402D12}.Release|Any CPU.ActiveCfg = Release|Any CPU
		{0A17220E-3DDA-4455-915E-680E48402D12}.Release|Any CPU.Build.0 = Release|Any CPU
		{A7B06F08-8629-4876-AEC8-039444BFB418}.Debug|Any CPU.ActiveCfg = Debug|Any CPU
		{A7B06F08-8629-4876-AEC8-039444BFB418}.Debug|Any CPU.Build.0 = Debug|Any CPU
		{A7B06F08-8629-4876-AEC8-039444BFB418}.Release|Any CPU.ActiveCfg = Release|Any CPU
		{A7B06F08-8629-4876-AEC8-039444BFB418}.Release|Any CPU.Build.0 = Release|Any CPU
		{00E42DA9-C402-4EFC-B3E5-D8EF26A143FD}.Debug|Any CPU.ActiveCfg = Debug|Any CPU
		{00E42DA9-C402-4EFC-B3E5-D8EF26A143FD}.Debug|Any CPU.Build.0 = Debug|Any CPU
		{00E42DA9-C402-4EFC-B3E5-D8EF26A143FD}.Release|Any CPU.ActiveCfg = Release|Any CPU
		{00E42DA9-C402-4EFC-B3E5-D8EF26A143FD}.Release|Any CPU.Build.0 = Release|Any CPU
		{DADE5CF4-7394-48FF-AF76-55AA72F9505C}.Debug|Any CPU.ActiveCfg = Debug|Any CPU
		{DADE5CF4-7394-48FF-AF76-55AA72F9505C}.Debug|Any CPU.Build.0 = Debug|Any CPU
		{DADE5CF4-7394-48FF-AF76-55AA72F9505C}.Release|Any CPU.ActiveCfg = Release|Any CPU
		{DADE5CF4-7394-48FF-AF76-55AA72F9505C}.Release|Any CPU.Build.0 = Release|Any CPU
	EndGlobalSection
	GlobalSection(SolutionProperties) = preSolution
		HideSolutionNode = FALSE
	EndGlobalSection
EndGlobal
