
Microsoft Visual Studio Solution File, Format Version 12.00
# Visual Studio 14
VisualStudioVersion = 14.0.25420.1
MinimumVisualStudioVersion = 10.0.40219.1
Project("{FAE04EC0-301F-11D3-BF4B-00C04F79EFBC}") = "GUI", "GUI\GUI.csproj", "{281934D5-34C2-4F5E-991E-B69708038066}"
EndProject
Project("{FAE04EC0-301F-11D3-BF4B-00C04F79EFBC}") = "DAL", "DAL\DAL.csproj", "{CE4EE339-4C1F-460B-A7E0-248A6284E825}"
EndProject
Project("{FAE04EC0-301F-11D3-BF4B-00C04F79EFBC}") = "DTO", "DTO\DTO.csproj", "{6F904D16-1150-439B-8DF1-599FC9BBFFEC}"
EndProject
Project("{FAE04EC0-301F-11D3-BF4B-00C04F79EFBC}") = "BUS", "BUS\BUS.csproj", "{1D86175B-19F4-4804-87C9-E64C358A9563}"
EndProject
Global
	GlobalSection(SolutionConfigurationPlatforms) = preSolution
		Debug|Any CPU = Debug|Any CPU
		Release|Any CPU = Release|Any CPU
	EndGlobalSection
	GlobalSection(ProjectConfigurationPlatforms) = postSolution
		{281934D5-34C2-4F5E-991E-B69708038066}.Debug|Any CPU.ActiveCfg = Debug|Any CPU
		{281934D5-34C2-4F5E-991E-B69708038066}.Debug|Any CPU.Build.0 = Debug|Any CPU
		{281934D5-34C2-4F5E-991E-B69708038066}.Release|Any CPU.ActiveCfg = Release|Any CPU
		{281934D5-34C2-4F5E-991E-B69708038066}.Release|Any CPU.Build.0 = Release|Any CPU
		{CE4EE339-4C1F-460B-A7E0-248A6284E825}.Debug|Any CPU.ActiveCfg = Debug|Any CPU
		{CE4EE339-4C1F-460B-A7E0-248A6284E825}.Debug|Any CPU.Build.0 = Debug|Any CPU
		{CE4EE339-4C1F-460B-A7E0-248A6284E825}.Release|Any CPU.ActiveCfg = Release|Any CPU
		{CE4EE339-4C1F-460B-A7E0-248A6284E825}.Release|Any CPU.Build.0 = Release|Any CPU
		{6F904D16-1150-439B-8DF1-599FC9BBFFEC}.Debug|Any CPU.ActiveCfg = Debug|Any CPU
		{6F904D16-1150-439B-8DF1-599FC9BBFFEC}.Debug|Any CPU.Build.0 = Debug|Any CPU
		{6F904D16-1150-439B-8DF1-599FC9BBFFEC}.Release|Any CPU.ActiveCfg = Release|Any CPU
		{6F904D16-1150-439B-8DF1-599FC9BBFFEC}.Release|Any CPU.Build.0 = Release|Any CPU
		{1D86175B-19F4-4804-87C9-E64C358A9563}.Debug|Any CPU.ActiveCfg = Debug|Any CPU
		{1D86175B-19F4-4804-87C9-E64C358A9563}.Debug|Any CPU.Build.0 = Debug|Any CPU
		{1D86175B-19F4-4804-87C9-E64C358A9563}.Release|Any CPU.ActiveCfg = Release|Any CPU
		{1D86175B-19F4-4804-87C9-E64C358A9563}.Release|Any CPU.Build.0 = Release|Any CPU
	EndGlobalSection
	GlobalSection(SolutionProperties) = preSolution
		HideSolutionNode = FALSE
	EndGlobalSection
EndGlobal
